// !$*UTF8*$!
{
	archiveVersion = 1;
	classes = {
	};
	objectVersion = 55;
	objects = {

/* Begin PBXBuildFile section */
		882344B42799D335005F8FF6 /* AppDelegate.swift in Sources */ = {isa = PBXBuildFile; fileRef = 882344B32799D335005F8FF6 /* AppDelegate.swift */; };
		882344B62799D335005F8FF6 /* SceneDelegate.swift in Sources */ = {isa = PBXBuildFile; fileRef = 882344B52799D335005F8FF6 /* SceneDelegate.swift */; };
		882344B82799D335005F8FF6 /* LoginViewController.swift in Sources */ = {isa = PBXBuildFile; fileRef = 882344B72799D335005F8FF6 /* LoginViewController.swift */; };
		882344BB2799D335005F8FF6 /* Main.storyboard in Resources */ = {isa = PBXBuildFile; fileRef = 882344B92799D335005F8FF6 /* Main.storyboard */; };
		882344BD2799D337005F8FF6 /* Assets.xcassets in Resources */ = {isa = PBXBuildFile; fileRef = 882344BC2799D337005F8FF6 /* Assets.xcassets */; };
		882344C02799D337005F8FF6 /* LaunchScreen.storyboard in Resources */ = {isa = PBXBuildFile; fileRef = 882344BE2799D337005F8FF6 /* LaunchScreen.storyboard */; };
		8831C48727BEB73900EC0EDA /* RickAndMorty.storyboard in Resources */ = {isa = PBXBuildFile; fileRef = 8831C48627BEB73900EC0EDA /* RickAndMorty.storyboard */; };
		8831C48927BEBFEF00EC0EDA /* CharactersListController.swift in Sources */ = {isa = PBXBuildFile; fileRef = 8831C48827BEBFEF00EC0EDA /* CharactersListController.swift */; };
		8831C48C27BEC40E00EC0EDA /* RickAndMorty.swift in Sources */ = {isa = PBXBuildFile; fileRef = 8831C48B27BEC40E00EC0EDA /* RickAndMorty.swift */; };
		8831C48E27BECAA900EC0EDA /* RickAndMortyCell.swift in Sources */ = {isa = PBXBuildFile; fileRef = 8831C48D27BECAA900EC0EDA /* RickAndMortyCell.swift */; };
		8831C49227C2084100EC0EDA /* CharacterDetailsViewController.swift in Sources */ = {isa = PBXBuildFile; fileRef = 8831C49127C2084100EC0EDA /* CharacterDetailsViewController.swift */; };
		886D996727ACF43000FF3B6C /* QuizViewController.swift in Sources */ = {isa = PBXBuildFile; fileRef = 886D996627ACF43000FF3B6C /* QuizViewController.swift */; };
		886D996927ACF5D000FF3B6C /* QuestionsViewController.swift in Sources */ = {isa = PBXBuildFile; fileRef = 886D996827ACF5D000FF3B6C /* QuestionsViewController.swift */; };
		886D996B27ACF6E100FF3B6C /* ResultViewController.swift in Sources */ = {isa = PBXBuildFile; fileRef = 886D996A27ACF6E100FF3B6C /* ResultViewController.swift */; };
		886D996E27AD025A00FF3B6C /* Question.swift in Sources */ = {isa = PBXBuildFile; fileRef = 886D996D27AD025A00FF3B6C /* Question.swift */; };
		88782C9427A50A680015041B /* Project.swift in Sources */ = {isa = PBXBuildFile; fileRef = 88782C9327A50A680015041B /* Project.swift */; };
		88782C9627A7781E0015041B /* TrafficLightController.swift in Sources */ = {isa = PBXBuildFile; fileRef = 88782C9527A7781E0015041B /* TrafficLightController.swift */; };
		88B5C58827BA158400E12DE0 /* Extension + UIButton.swift in Sources */ = {isa = PBXBuildFile; fileRef = 88B5C58727BA158400E12DE0 /* Extension + UIButton.swift */; };
		88D54E6E27C804B600B115EF /* NetworkManager.swift in Sources */ = {isa = PBXBuildFile; fileRef = 88D54E6D27C804B600B115EF /* NetworkManager.swift */; };
		88ECCC1F27B142990017015F /* ColorMix.storyboard in Resources */ = {isa = PBXBuildFile; fileRef = 88ECCC1E27B142990017015F /* ColorMix.storyboard */; };
		88ECCC2127B144600017015F /* ColorViewController.swift in Sources */ = {isa = PBXBuildFile; fileRef = 88ECCC2027B144600017015F /* ColorViewController.swift */; };
		88ECCC2327B144880017015F /* ColorMixViewController.swift in Sources */ = {isa = PBXBuildFile; fileRef = 88ECCC2227B144880017015F /* ColorMixViewController.swift */; };
		88EE12DF279BCA7F008CDC58 /* Visitor.swift in Sources */ = {isa = PBXBuildFile; fileRef = 88EE12DE279BCA7F008CDC58 /* Visitor.swift */; };
		88EE12E2279BCEFC008CDC58 /* WelcomeViewController.swift in Sources */ = {isa = PBXBuildFile; fileRef = 88EE12E1279BCEFC008CDC58 /* WelcomeViewController.swift */; };
		88EE12E4279F274F008CDC58 /* TabBarViewController.swift in Sources */ = {isa = PBXBuildFile; fileRef = 88EE12E3279F274F008CDC58 /* TabBarViewController.swift */; };
		88EE12E627A1C656008CDC58 /* ProjectsTableViewController.swift in Sources */ = {isa = PBXBuildFile; fileRef = 88EE12E527A1C656008CDC58 /* ProjectsTableViewController.swift */; };
		88F6179127DB89F60087FE7F /* StartingR&MViewController.swift in Sources */ = {isa = PBXBuildFile; fileRef = 88F6179027DB89F60087FE7F /* StartingR&MViewController.swift */; };
		88F6179327E0C9C50087FE7F /* HeroImageView.swift in Sources */ = {isa = PBXBuildFile; fileRef = 88F6179227E0C9C50087FE7F /* HeroImageView.swift */; };
		C900467EF181E8E9A146B8EE /* Pods_My_skills.framework in Frameworks */ = {isa = PBXBuildFile; fileRef = 960485E6A491B9CB5AC0AD44 /* Pods_My_skills.framework */; };
/* End PBXBuildFile section */

/* Begin PBXFileReference section */
		612E14F0D5E39D870ECEB65F /* Pods-My skills.debug.xcconfig */ = {isa = PBXFileReference; includeInIndex = 1; lastKnownFileType = text.xcconfig; name = "Pods-My skills.debug.xcconfig"; path = "Target Support Files/Pods-My skills/Pods-My skills.debug.xcconfig"; sourceTree = "<group>"; };
		882344B02799D335005F8FF6 /* My skills.app */ = {isa = PBXFileReference; explicitFileType = wrapper.application; includeInIndex = 0; path = "My skills.app"; sourceTree = BUILT_PRODUCTS_DIR; };
		882344B32799D335005F8FF6 /* AppDelegate.swift */ = {isa = PBXFileReference; lastKnownFileType = sourcecode.swift; path = AppDelegate.swift; sourceTree = "<group>"; };
		882344B52799D335005F8FF6 /* SceneDelegate.swift */ = {isa = PBXFileReference; lastKnownFileType = sourcecode.swift; path = SceneDelegate.swift; sourceTree = "<group>"; };
		882344B72799D335005F8FF6 /* LoginViewController.swift */ = {isa = PBXFileReference; lastKnownFileType = sourcecode.swift; path = LoginViewController.swift; sourceTree = "<group>"; };
		882344BA2799D335005F8FF6 /* Base */ = {isa = PBXFileReference; lastKnownFileType = file.storyboard; name = Base; path = Base.lproj/Main.storyboard; sourceTree = "<group>"; };
		882344BC2799D337005F8FF6 /* Assets.xcassets */ = {isa = PBXFileReference; lastKnownFileType = folder.assetcatalog; path = Assets.xcassets; sourceTree = "<group>"; };
		882344BF2799D337005F8FF6 /* Base */ = {isa = PBXFileReference; lastKnownFileType = file.storyboard; name = Base; path = Base.lproj/LaunchScreen.storyboard; sourceTree = "<group>"; };
		882344C12799D337005F8FF6 /* Info.plist */ = {isa = PBXFileReference; lastKnownFileType = text.plist.xml; path = Info.plist; sourceTree = "<group>"; };
		8831C48627BEB73900EC0EDA /* RickAndMorty.storyboard */ = {isa = PBXFileReference; lastKnownFileType = file.storyboard; path = RickAndMorty.storyboard; sourceTree = "<group>"; };
		8831C48827BEBFEF00EC0EDA /* CharactersListController.swift */ = {isa = PBXFileReference; lastKnownFileType = sourcecode.swift; path = CharactersListController.swift; sourceTree = "<group>"; };
		8831C48B27BEC40E00EC0EDA /* RickAndMorty.swift */ = {isa = PBXFileReference; lastKnownFileType = sourcecode.swift; path = RickAndMorty.swift; sourceTree = "<group>"; };
		8831C48D27BECAA900EC0EDA /* RickAndMortyCell.swift */ = {isa = PBXFileReference; lastKnownFileType = sourcecode.swift; path = RickAndMortyCell.swift; sourceTree = "<group>"; };
		8831C49127C2084100EC0EDA /* CharacterDetailsViewController.swift */ = {isa = PBXFileReference; lastKnownFileType = sourcecode.swift; path = CharacterDetailsViewController.swift; sourceTree = "<group>"; };
		886D996627ACF43000FF3B6C /* QuizViewController.swift */ = {isa = PBXFileReference; lastKnownFileType = sourcecode.swift; path = QuizViewController.swift; sourceTree = "<group>"; };
		886D996827ACF5D000FF3B6C /* QuestionsViewController.swift */ = {isa = PBXFileReference; lastKnownFileType = sourcecode.swift; path = QuestionsViewController.swift; sourceTree = "<group>"; };
		886D996A27ACF6E100FF3B6C /* ResultViewController.swift */ = {isa = PBXFileReference; lastKnownFileType = sourcecode.swift; path = ResultViewController.swift; sourceTree = "<group>"; };
		886D996D27AD025A00FF3B6C /* Question.swift */ = {isa = PBXFileReference; lastKnownFileType = sourcecode.swift; path = Question.swift; sourceTree = "<group>"; };
		88782C9327A50A680015041B /* Project.swift */ = {isa = PBXFileReference; lastKnownFileType = sourcecode.swift; path = Project.swift; sourceTree = "<group>"; };
		88782C9527A7781E0015041B /* TrafficLightController.swift */ = {isa = PBXFileReference; lastKnownFileType = sourcecode.swift; path = TrafficLightController.swift; sourceTree = "<group>"; };
		88B5C58727BA158400E12DE0 /* Extension + UIButton.swift */ = {isa = PBXFileReference; lastKnownFileType = sourcecode.swift; path = "Extension + UIButton.swift"; sourceTree = "<group>"; };
		88D54E6D27C804B600B115EF /* NetworkManager.swift */ = {isa = PBXFileReference; lastKnownFileType = sourcecode.swift; path = NetworkManager.swift; sourceTree = "<group>"; };
		88ECCC1E27B142990017015F /* ColorMix.storyboard */ = {isa = PBXFileReference; lastKnownFileType = file.storyboard; path = ColorMix.storyboard; sourceTree = "<group>"; };
		88ECCC2027B144600017015F /* ColorViewController.swift */ = {isa = PBXFileReference; lastKnownFileType = sourcecode.swift; path = ColorViewController.swift; sourceTree = "<group>"; };
		88ECCC2227B144880017015F /* ColorMixViewController.swift */ = {isa = PBXFileReference; lastKnownFileType = sourcecode.swift; path = ColorMixViewController.swift; sourceTree = "<group>"; };
		88EE12DE279BCA7F008CDC58 /* Visitor.swift */ = {isa = PBXFileReference; lastKnownFileType = sourcecode.swift; path = Visitor.swift; sourceTree = "<group>"; };
		88EE12E1279BCEFC008CDC58 /* WelcomeViewController.swift */ = {isa = PBXFileReference; lastKnownFileType = sourcecode.swift; path = WelcomeViewController.swift; sourceTree = "<group>"; };
		88EE12E3279F274F008CDC58 /* TabBarViewController.swift */ = {isa = PBXFileReference; lastKnownFileType = sourcecode.swift; path = TabBarViewController.swift; sourceTree = "<group>"; };
		88EE12E527A1C656008CDC58 /* ProjectsTableViewController.swift */ = {isa = PBXFileReference; lastKnownFileType = sourcecode.swift; path = ProjectsTableViewController.swift; sourceTree = "<group>"; };
		88F6179027DB89F60087FE7F /* StartingR&MViewController.swift */ = {isa = PBXFileReference; lastKnownFileType = sourcecode.swift; path = "StartingR&MViewController.swift"; sourceTree = "<group>"; };
		88F6179227E0C9C50087FE7F /* HeroImageView.swift */ = {isa = PBXFileReference; lastKnownFileType = sourcecode.swift; path = HeroImageView.swift; sourceTree = "<group>"; };
		960485E6A491B9CB5AC0AD44 /* Pods_My_skills.framework */ = {isa = PBXFileReference; explicitFileType = wrapper.framework; includeInIndex = 0; path = Pods_My_skills.framework; sourceTree = BUILT_PRODUCTS_DIR; };
		E4C655C1190121253C496EC1 /* Pods-My skills.release.xcconfig */ = {isa = PBXFileReference; includeInIndex = 1; lastKnownFileType = text.xcconfig; name = "Pods-My skills.release.xcconfig"; path = "Target Support Files/Pods-My skills/Pods-My skills.release.xcconfig"; sourceTree = "<group>"; };
/* End PBXFileReference section */

/* Begin PBXFrameworksBuildPhase section */
		882344AD2799D335005F8FF6 /* Frameworks */ = {
			isa = PBXFrameworksBuildPhase;
			buildActionMask = 2147483647;
			files = (
				C900467EF181E8E9A146B8EE /* Pods_My_skills.framework in Frameworks */,
			);
			runOnlyForDeploymentPostprocessing = 0;
		};
/* End PBXFrameworksBuildPhase section */

/* Begin PBXGroup section */
		882344A72799D335005F8FF6 = {
			isa = PBXGroup;
			children = (
				882344B22799D335005F8FF6 /* My skills */,
				882344B12799D335005F8FF6 /* Products */,
				98F351A74C511C902CD7E71D /* Pods */,
				FB7D4D82D8D85DEAD9FE386C /* Frameworks */,
			);
			sourceTree = "<group>";
		};
		882344B12799D335005F8FF6 /* Products */ = {
			isa = PBXGroup;
			children = (
				882344B02799D335005F8FF6 /* My skills.app */,
			);
			name = Products;
			sourceTree = "<group>";
		};
		882344B22799D335005F8FF6 /* My skills */ = {
			isa = PBXGroup;
			children = (
				88EE12DB279BCA05008CDC58 /* ViewControllers */,
				88EE12DA279BC9E7008CDC58 /* Storyboards */,
				88D54E6F27C8055800B115EF /* Services */,
				88EE12E0279BCA84008CDC58 /* Models */,
				88EE12DC279BCA1D008CDC58 /* App */,
				88EE12DD279BCA28008CDC58 /* Resources */,
			);
			path = "My skills";
			sourceTree = "<group>";
		};
		8831C48A27BEBFFB00EC0EDA /* RickAndMorty */ = {
			isa = PBXGroup;
			children = (
				88F6179027DB89F60087FE7F /* StartingR&MViewController.swift */,
				8831C48827BEBFEF00EC0EDA /* CharactersListController.swift */,
				8831C49127C2084100EC0EDA /* CharacterDetailsViewController.swift */,
				8831C48D27BECAA900EC0EDA /* RickAndMortyCell.swift */,
				88F6179227E0C9C50087FE7F /* HeroImageView.swift */,
			);
			path = RickAndMorty;
			sourceTree = "<group>";
		};
		886D996527ACF3E100FF3B6C /* TrafficLight */ = {
			isa = PBXGroup;
			children = (
				88782C9527A7781E0015041B /* TrafficLightController.swift */,
				88B5C58727BA158400E12DE0 /* Extension + UIButton.swift */,
			);
			path = TrafficLight;
			sourceTree = "<group>";
		};
		886D996C27ACF6E900FF3B6C /* Quiz */ = {
			isa = PBXGroup;
			children = (
				886D996627ACF43000FF3B6C /* QuizViewController.swift */,
				886D996827ACF5D000FF3B6C /* QuestionsViewController.swift */,
				886D996A27ACF6E100FF3B6C /* ResultViewController.swift */,
			);
			path = Quiz;
			sourceTree = "<group>";
		};
		88782C9727A778250015041B /* Projects */ = {
			isa = PBXGroup;
			children = (
				886D996527ACF3E100FF3B6C /* TrafficLight */,
				886D996C27ACF6E900FF3B6C /* Quiz */,
				88ECCC2427B1449F0017015F /* ColorMix */,
				8831C48A27BEBFFB00EC0EDA /* RickAndMorty */,
			);
			path = Projects;
			sourceTree = "<group>";
		};
		88D54E6F27C8055800B115EF /* Services */ = {
			isa = PBXGroup;
			children = (
				88D54E6D27C804B600B115EF /* NetworkManager.swift */,
			);
			path = Services;
			sourceTree = "<group>";
		};
		88ECCC2427B1449F0017015F /* ColorMix */ = {
			isa = PBXGroup;
			children = (
				88ECCC2027B144600017015F /* ColorViewController.swift */,
				88ECCC2227B144880017015F /* ColorMixViewController.swift */,
			);
			path = ColorMix;
			sourceTree = "<group>";
		};
		88EE12DA279BC9E7008CDC58 /* Storyboards */ = {
			isa = PBXGroup;
			children = (
				882344B92799D335005F8FF6 /* Main.storyboard */,
				882344BE2799D337005F8FF6 /* LaunchScreen.storyboard */,
				88ECCC1E27B142990017015F /* ColorMix.storyboard */,
				8831C48627BEB73900EC0EDA /* RickAndMorty.storyboard */,
			);
			path = Storyboards;
			sourceTree = "<group>";
		};
		88EE12DB279BCA05008CDC58 /* ViewControllers */ = {
			isa = PBXGroup;
			children = (
				882344B72799D335005F8FF6 /* LoginViewController.swift */,
				88EE12E3279F274F008CDC58 /* TabBarViewController.swift */,
				88EE12E1279BCEFC008CDC58 /* WelcomeViewController.swift */,
				88EE12E527A1C656008CDC58 /* ProjectsTableViewController.swift */,
				88782C9727A778250015041B /* Projects */,
			);
			path = ViewControllers;
			sourceTree = "<group>";
		};
		88EE12DC279BCA1D008CDC58 /* App */ = {
			isa = PBXGroup;
			children = (
				882344B32799D335005F8FF6 /* AppDelegate.swift */,
				882344B52799D335005F8FF6 /* SceneDelegate.swift */,
				882344C12799D337005F8FF6 /* Info.plist */,
			);
			path = App;
			sourceTree = "<group>";
		};
		88EE12DD279BCA28008CDC58 /* Resources */ = {
			isa = PBXGroup;
			children = (
				882344BC2799D337005F8FF6 /* Assets.xcassets */,
			);
			path = Resources;
			sourceTree = "<group>";
		};
		88EE12E0279BCA84008CDC58 /* Models */ = {
			isa = PBXGroup;
			children = (
				88EE12DE279BCA7F008CDC58 /* Visitor.swift */,
				88782C9327A50A680015041B /* Project.swift */,
				886D996D27AD025A00FF3B6C /* Question.swift */,
				8831C48B27BEC40E00EC0EDA /* RickAndMorty.swift */,
			);
			path = Models;
			sourceTree = "<group>";
		};
		98F351A74C511C902CD7E71D /* Pods */ = {
			isa = PBXGroup;
			children = (
				612E14F0D5E39D870ECEB65F /* Pods-My skills.debug.xcconfig */,
				E4C655C1190121253C496EC1 /* Pods-My skills.release.xcconfig */,
			);
			path = Pods;
			sourceTree = "<group>";
		};
		FB7D4D82D8D85DEAD9FE386C /* Frameworks */ = {
			isa = PBXGroup;
			children = (
				960485E6A491B9CB5AC0AD44 /* Pods_My_skills.framework */,
			);
			name = Frameworks;
			sourceTree = "<group>";
		};
/* End PBXGroup section */

/* Begin PBXNativeTarget section */
		882344AF2799D335005F8FF6 /* My skills */ = {
			isa = PBXNativeTarget;
			buildConfigurationList = 882344C42799D337005F8FF6 /* Build configuration list for PBXNativeTarget "My skills" */;
			buildPhases = (
				AE7730B13440B9F406E53DAA /* [CP] Check Pods Manifest.lock */,
				882344AC2799D335005F8FF6 /* Sources */,
				882344AD2799D335005F8FF6 /* Frameworks */,
				882344AE2799D335005F8FF6 /* Resources */,
				92E0401247206D9F8ED6AAB9 /* [CP] Embed Pods Frameworks */,
			);
			buildRules = (
			);
			dependencies = (
			);
			name = "My skills";
			productName = "My skills";
			productReference = 882344B02799D335005F8FF6 /* My skills.app */;
			productType = "com.apple.product-type.application";
		};
/* End PBXNativeTarget section */

/* Begin PBXProject section */
		882344A82799D335005F8FF6 /* Project object */ = {
			isa = PBXProject;
			attributes = {
				BuildIndependentTargetsInParallel = 1;
				LastSwiftUpdateCheck = 1310;
				LastUpgradeCheck = 1310;
				TargetAttributes = {
					882344AF2799D335005F8FF6 = {
						CreatedOnToolsVersion = 13.1;
					};
				};
			};
			buildConfigurationList = 882344AB2799D335005F8FF6 /* Build configuration list for PBXProject "My skills" */;
			compatibilityVersion = "Xcode 13.0";
			developmentRegion = en;
			hasScannedForEncodings = 0;
			knownRegions = (
				en,
				Base,
			);
			mainGroup = 882344A72799D335005F8FF6;
			productRefGroup = 882344B12799D335005F8FF6 /* Products */;
			projectDirPath = "";
			projectRoot = "";
			targets = (
				882344AF2799D335005F8FF6 /* My skills */,
			);
		};
/* End PBXProject section */

/* Begin PBXResourcesBuildPhase section */
		882344AE2799D335005F8FF6 /* Resources */ = {
			isa = PBXResourcesBuildPhase;
			buildActionMask = 2147483647;
			files = (
				882344C02799D337005F8FF6 /* LaunchScreen.storyboard in Resources */,
				8831C48727BEB73900EC0EDA /* RickAndMorty.storyboard in Resources */,
				882344BD2799D337005F8FF6 /* Assets.xcassets in Resources */,
				882344BB2799D335005F8FF6 /* Main.storyboard in Resources */,
				88ECCC1F27B142990017015F /* ColorMix.storyboard in Resources */,
			);
			runOnlyForDeploymentPostprocessing = 0;
		};
/* End PBXResourcesBuildPhase section */

/* Begin PBXShellScriptBuildPhase section */
		92E0401247206D9F8ED6AAB9 /* [CP] Embed Pods Frameworks */ = {
			isa = PBXShellScriptBuildPhase;
			buildActionMask = 2147483647;
			files = (
			);
			inputFileListPaths = (
				"${PODS_ROOT}/Target Support Files/Pods-My skills/Pods-My skills-frameworks-${CONFIGURATION}-input-files.xcfilelist",
			);
			name = "[CP] Embed Pods Frameworks";
			outputFileListPaths = (
				"${PODS_ROOT}/Target Support Files/Pods-My skills/Pods-My skills-frameworks-${CONFIGURATION}-output-files.xcfilelist",
			);
			runOnlyForDeploymentPostprocessing = 0;
			shellPath = /bin/sh;
			shellScript = "\"${PODS_ROOT}/Target Support Files/Pods-My skills/Pods-My skills-frameworks.sh\"\n";
			showEnvVarsInLog = 0;
		};
		AE7730B13440B9F406E53DAA /* [CP] Check Pods Manifest.lock */ = {
			isa = PBXShellScriptBuildPhase;
			buildActionMask = 2147483647;
			files = (
			);
			inputFileListPaths = (
			);
			inputPaths = (
				"${PODS_PODFILE_DIR_PATH}/Podfile.lock",
				"${PODS_ROOT}/Manifest.lock",
			);
			name = "[CP] Check Pods Manifest.lock";
			outputFileListPaths = (
			);
			outputPaths = (
				"$(DERIVED_FILE_DIR)/Pods-My skills-checkManifestLockResult.txt",
			);
			runOnlyForDeploymentPostprocessing = 0;
			shellPath = /bin/sh;
			shellScript = "diff \"${PODS_PODFILE_DIR_PATH}/Podfile.lock\" \"${PODS_ROOT}/Manifest.lock\" > /dev/null\nif [ $? != 0 ] ; then\n    # print error to STDERR\n    echo \"error: The sandbox is not in sync with the Podfile.lock. Run 'pod install' or update your CocoaPods installation.\" >&2\n    exit 1\nfi\n# This output is used by Xcode 'outputs' to avoid re-running this script phase.\necho \"SUCCESS\" > \"${SCRIPT_OUTPUT_FILE_0}\"\n";
			showEnvVarsInLog = 0;
		};
/* End PBXShellScriptBuildPhase section */

/* Begin PBXSourcesBuildPhase section */
		882344AC2799D335005F8FF6 /* Sources */ = {
			isa = PBXSourcesBuildPhase;
			buildActionMask = 2147483647;
			files = (
				886D996927ACF5D000FF3B6C /* QuestionsViewController.swift in Sources */,
				88F6179127DB89F60087FE7F /* StartingR&MViewController.swift in Sources */,
				88EE12DF279BCA7F008CDC58 /* Visitor.swift in Sources */,
				886D996727ACF43000FF3B6C /* QuizViewController.swift in Sources */,
				88F6179327E0C9C50087FE7F /* HeroImageView.swift in Sources */,
				88D54E6E27C804B600B115EF /* NetworkManager.swift in Sources */,
				8831C48927BEBFEF00EC0EDA /* CharactersListController.swift in Sources */,
				882344B82799D335005F8FF6 /* LoginViewController.swift in Sources */,
				88ECCC2127B144600017015F /* ColorViewController.swift in Sources */,
				8831C48C27BEC40E00EC0EDA /* RickAndMorty.swift in Sources */,
				882344B42799D335005F8FF6 /* AppDelegate.swift in Sources */,
				8831C48E27BECAA900EC0EDA /* RickAndMortyCell.swift in Sources */,
				882344B62799D335005F8FF6 /* SceneDelegate.swift in Sources */,
				88B5C58827BA158400E12DE0 /* Extension + UIButton.swift in Sources */,
				88EE12E4279F274F008CDC58 /* TabBarViewController.swift in Sources */,
				88EE12E2279BCEFC008CDC58 /* WelcomeViewController.swift in Sources */,
				886D996E27AD025A00FF3B6C /* Question.swift in Sources */,
				88ECCC2327B144880017015F /* ColorMixViewController.swift in Sources */,
				88782C9627A7781E0015041B /* TrafficLightController.swift in Sources */,
				88EE12E627A1C656008CDC58 /* ProjectsTableViewController.swift in Sources */,
				8831C49227C2084100EC0EDA /* CharacterDetailsViewController.swift in Sources */,
				88782C9427A50A680015041B /* Project.swift in Sources */,
				886D996B27ACF6E100FF3B6C /* ResultViewController.swift in Sources */,
			);
			runOnlyForDeploymentPostprocessing = 0;
		};
/* End PBXSourcesBuildPhase section */

/* Begin PBXVariantGroup section */
		882344B92799D335005F8FF6 /* Main.storyboard */ = {
			isa = PBXVariantGroup;
			children = (
				882344BA2799D335005F8FF6 /* Base */,
			);
			name = Main.storyboard;
			sourceTree = "<group>";
		};
		882344BE2799D337005F8FF6 /* LaunchScreen.storyboard */ = {
			isa = PBXVariantGroup;
			children = (
				882344BF2799D337005F8FF6 /* Base */,
			);
			name = LaunchScreen.storyboard;
			sourceTree = "<group>";
		};
/* End PBXVariantGroup section */

/* Begin XCBuildConfiguration section */
		882344C22799D337005F8FF6 /* Debug */ = {
			isa = XCBuildConfiguration;
			buildSettings = {
				ALWAYS_SEARCH_USER_PATHS = NO;
				CLANG_ANALYZER_NONNULL = YES;
				CLANG_ANALYZER_NUMBER_OBJECT_CONVERSION = YES_AGGRESSIVE;
				CLANG_CXX_LANGUAGE_STANDARD = "gnu++17";
				CLANG_CXX_LIBRARY = "libc++";
				CLANG_ENABLE_MODULES = YES;
				CLANG_ENABLE_OBJC_ARC = YES;
				CLANG_ENABLE_OBJC_WEAK = YES;
				CLANG_WARN_BLOCK_CAPTURE_AUTORELEASING = YES;
				CLANG_WARN_BOOL_CONVERSION = YES;
				CLANG_WARN_COMMA = YES;
				CLANG_WARN_CONSTANT_CONVERSION = YES;
				CLANG_WARN_DEPRECATED_OBJC_IMPLEMENTATIONS = YES;
				CLANG_WARN_DIRECT_OBJC_ISA_USAGE = YES_ERROR;
				CLANG_WARN_DOCUMENTATION_COMMENTS = YES;
				CLANG_WARN_EMPTY_BODY = YES;
				CLANG_WARN_ENUM_CONVERSION = YES;
				CLANG_WARN_INFINITE_RECURSION = YES;
				CLANG_WARN_INT_CONVERSION = YES;
				CLANG_WARN_NON_LITERAL_NULL_CONVERSION = YES;
				CLANG_WARN_OBJC_IMPLICIT_RETAIN_SELF = YES;
				CLANG_WARN_OBJC_LITERAL_CONVERSION = YES;
				CLANG_WARN_OBJC_ROOT_CLASS = YES_ERROR;
				CLANG_WARN_QUOTED_INCLUDE_IN_FRAMEWORK_HEADER = YES;
				CLANG_WARN_RANGE_LOOP_ANALYSIS = YES;
				CLANG_WARN_STRICT_PROTOTYPES = YES;
				CLANG_WARN_SUSPICIOUS_MOVE = YES;
				CLANG_WARN_UNGUARDED_AVAILABILITY = YES_AGGRESSIVE;
				CLANG_WARN_UNREACHABLE_CODE = YES;
				CLANG_WARN__DUPLICATE_METHOD_MATCH = YES;
				COPY_PHASE_STRIP = NO;
				DEBUG_INFORMATION_FORMAT = dwarf;
				ENABLE_STRICT_OBJC_MSGSEND = YES;
				ENABLE_TESTABILITY = YES;
				GCC_C_LANGUAGE_STANDARD = gnu11;
				GCC_DYNAMIC_NO_PIC = NO;
				GCC_NO_COMMON_BLOCKS = YES;
				GCC_OPTIMIZATION_LEVEL = 0;
				GCC_PREPROCESSOR_DEFINITIONS = (
					"DEBUG=1",
					"$(inherited)",
				);
				GCC_WARN_64_TO_32_BIT_CONVERSION = YES;
				GCC_WARN_ABOUT_RETURN_TYPE = YES_ERROR;
				GCC_WARN_UNDECLARED_SELECTOR = YES;
				GCC_WARN_UNINITIALIZED_AUTOS = YES_AGGRESSIVE;
				GCC_WARN_UNUSED_FUNCTION = YES;
				GCC_WARN_UNUSED_VARIABLE = YES;
				IPHONEOS_DEPLOYMENT_TARGET = 15.0;
				MTL_ENABLE_DEBUG_INFO = INCLUDE_SOURCE;
				MTL_FAST_MATH = YES;
				ONLY_ACTIVE_ARCH = YES;
				SDKROOT = iphoneos;
				SWIFT_ACTIVE_COMPILATION_CONDITIONS = DEBUG;
				SWIFT_OPTIMIZATION_LEVEL = "-Onone";
			};
			name = Debug;
		};
		882344C32799D337005F8FF6 /* Release */ = {
			isa = XCBuildConfiguration;
			buildSettings = {
				ALWAYS_SEARCH_USER_PATHS = NO;
				CLANG_ANALYZER_NONNULL = YES;
				CLANG_ANALYZER_NUMBER_OBJECT_CONVERSION = YES_AGGRESSIVE;
				CLANG_CXX_LANGUAGE_STANDARD = "gnu++17";
				CLANG_CXX_LIBRARY = "libc++";
				CLANG_ENABLE_MODULES = YES;
				CLANG_ENABLE_OBJC_ARC = YES;
				CLANG_ENABLE_OBJC_WEAK = YES;
				CLANG_WARN_BLOCK_CAPTURE_AUTORELEASING = YES;
				CLANG_WARN_BOOL_CONVERSION = YES;
				CLANG_WARN_COMMA = YES;
				CLANG_WARN_CONSTANT_CONVERSION = YES;
				CLANG_WARN_DEPRECATED_OBJC_IMPLEMENTATIONS = YES;
				CLANG_WARN_DIRECT_OBJC_ISA_USAGE = YES_ERROR;
				CLANG_WARN_DOCUMENTATION_COMMENTS = YES;
				CLANG_WARN_EMPTY_BODY = YES;
				CLANG_WARN_ENUM_CONVERSION = YES;
				CLANG_WARN_INFINITE_RECURSION = YES;
				CLANG_WARN_INT_CONVERSION = YES;
				CLANG_WARN_NON_LITERAL_NULL_CONVERSION = YES;
				CLANG_WARN_OBJC_IMPLICIT_RETAIN_SELF = YES;
				CLANG_WARN_OBJC_LITERAL_CONVERSION = YES;
				CLANG_WARN_OBJC_ROOT_CLASS = YES_ERROR;
				CLANG_WARN_QUOTED_INCLUDE_IN_FRAMEWORK_HEADER = YES;
				CLANG_WARN_RANGE_LOOP_ANALYSIS = YES;
				CLANG_WARN_STRICT_PROTOTYPES = YES;
				CLANG_WARN_SUSPICIOUS_MOVE = YES;
				CLANG_WARN_UNGUARDED_AVAILABILITY = YES_AGGRESSIVE;
				CLANG_WARN_UNREACHABLE_CODE = YES;
				CLANG_WARN__DUPLICATE_METHOD_MATCH = YES;
				COPY_PHASE_STRIP = NO;
				DEBUG_INFORMATION_FORMAT = "dwarf-with-dsym";
				ENABLE_NS_ASSERTIONS = NO;
				ENABLE_STRICT_OBJC_MSGSEND = YES;
				GCC_C_LANGUAGE_STANDARD = gnu11;
				GCC_NO_COMMON_BLOCKS = YES;
				GCC_WARN_64_TO_32_BIT_CONVERSION = YES;
				GCC_WARN_ABOUT_RETURN_TYPE = YES_ERROR;
				GCC_WARN_UNDECLARED_SELECTOR = YES;
				GCC_WARN_UNINITIALIZED_AUTOS = YES_AGGRESSIVE;
				GCC_WARN_UNUSED_FUNCTION = YES;
				GCC_WARN_UNUSED_VARIABLE = YES;
				IPHONEOS_DEPLOYMENT_TARGET = 15.0;
				MTL_ENABLE_DEBUG_INFO = NO;
				MTL_FAST_MATH = YES;
				SDKROOT = iphoneos;
				SWIFT_COMPILATION_MODE = wholemodule;
				SWIFT_OPTIMIZATION_LEVEL = "-O";
				VALIDATE_PRODUCT = YES;
			};
			name = Release;
		};
		882344C52799D337005F8FF6 /* Debug */ = {
			isa = XCBuildConfiguration;
			baseConfigurationReference = 612E14F0D5E39D870ECEB65F /* Pods-My skills.debug.xcconfig */;
			buildSettings = {
				ASSETCATALOG_COMPILER_APPICON_NAME = AppIcon;
				ASSETCATALOG_COMPILER_GLOBAL_ACCENT_COLOR_NAME = AccentColor;
				CODE_SIGN_STYLE = Automatic;
				CURRENT_PROJECT_VERSION = 1;
				DEVELOPMENT_TEAM = QQ7NB58NL6;
				GENERATE_INFOPLIST_FILE = YES;
				INFOPLIST_FILE = "My skills/App/Info.plist";
				INFOPLIST_KEY_UIApplicationSupportsIndirectInputEvents = YES;
				INFOPLIST_KEY_UILaunchStoryboardName = LaunchScreen;
				INFOPLIST_KEY_UIMainStoryboardFile = Main;
				INFOPLIST_KEY_UISupportedInterfaceOrientations = UIInterfaceOrientationPortrait;
				INFOPLIST_KEY_UISupportedInterfaceOrientations_iPad = "UIInterfaceOrientationPortrait UIInterfaceOrientationPortraitUpsideDown UIInterfaceOrientationLandscapeLeft UIInterfaceOrientationLandscapeRight";
				INFOPLIST_KEY_UISupportedInterfaceOrientations_iPhone = "UIInterfaceOrientationPortrait UIInterfaceOrientationLandscapeLeft UIInterfaceOrientationLandscapeRight";
				IPHONEOS_DEPLOYMENT_TARGET = 15.0;
				LD_RUNPATH_SEARCH_PATHS = (
					"$(inherited)",
					"@executable_path/Frameworks",
				);
				MARKETING_VERSION = 1.0;
				PRODUCT_BUNDLE_IDENTIFIER = "PavlovArtem.My-skills";
				PRODUCT_NAME = "$(TARGET_NAME)";
				SWIFT_EMIT_LOC_STRINGS = YES;
				SWIFT_VERSION = 5.0;
				TARGETED_DEVICE_FAMILY = 1;
			};
			name = Debug;
		};
		882344C62799D337005F8FF6 /* Release */ = {
			isa = XCBuildConfiguration;
			baseConfigurationReference = E4C655C1190121253C496EC1 /* Pods-My skills.release.xcconfig */;
			buildSettings = {
				ASSETCATALOG_COMPILER_APPICON_NAME = AppIcon;
				ASSETCATALOG_COMPILER_GLOBAL_ACCENT_COLOR_NAME = AccentColor;
				CODE_SIGN_STYLE = Automatic;
				CURRENT_PROJECT_VERSION = 1;
				DEVELOPMENT_TEAM = QQ7NB58NL6;
				GENERATE_INFOPLIST_FILE = YES;
				INFOPLIST_FILE = "My skills/App/Info.plist";
				INFOPLIST_KEY_UIApplicationSupportsIndirectInputEvents = YES;
				INFOPLIST_KEY_UILaunchStoryboardName = LaunchScreen;
				INFOPLIST_KEY_UIMainStoryboardFile = Main;
				INFOPLIST_KEY_UISupportedInterfaceOrientations = UIInterfaceOrientationPortrait;
				INFOPLIST_KEY_UISupportedInterfaceOrientations_iPad = "UIInterfaceOrientationPortrait UIInterfaceOrientationPortraitUpsideDown UIInterfaceOrientationLandscapeLeft UIInterfaceOrientationLandscapeRight";
				INFOPLIST_KEY_UISupportedInterfaceOrientations_iPhone = "UIInterfaceOrientationPortrait UIInterfaceOrientationLandscapeLeft UIInterfaceOrientationLandscapeRight";
				IPHONEOS_DEPLOYMENT_TARGET = 15.0;
				LD_RUNPATH_SEARCH_PATHS = (
					"$(inherited)",
					"@executable_path/Frameworks",
				);
				MARKETING_VERSION = 1.0;
				PRODUCT_BUNDLE_IDENTIFIER = "PavlovArtem.My-skills";
				PRODUCT_NAME = "$(TARGET_NAME)";
				SWIFT_EMIT_LOC_STRINGS = YES;
				SWIFT_VERSION = 5.0;
				TARGETED_DEVICE_FAMILY = 1;
			};
			name = Release;
		};
/* End XCBuildConfiguration section */

/* Begin XCConfigurationList section */
		882344AB2799D335005F8FF6 /* Build configuration list for PBXProject "My skills" */ = {
			isa = XCConfigurationList;
			buildConfigurations = (
				882344C22799D337005F8FF6 /* Debug */,
				882344C32799D337005F8FF6 /* Release */,
			);
			defaultConfigurationIsVisible = 0;
			defaultConfigurationName = Release;
		};
		882344C42799D337005F8FF6 /* Build configuration list for PBXNativeTarget "My skills" */ = {
			isa = XCConfigurationList;
			buildConfigurations = (
				882344C52799D337005F8FF6 /* Debug */,
				882344C62799D337005F8FF6 /* Release */,
			);
			defaultConfigurationIsVisible = 0;
			defaultConfigurationName = Release;
		};
/* End XCConfigurationList section */
	};
	rootObject = 882344A82799D335005F8FF6 /* Project object */;
}
